// !$*UTF8*$!
{
	archiveVersion = 1;
	classes = {
	};
	objectVersion = 46;
	objects = {

/* Begin PBXBuildFile section */
		29187B521C90295800B68C73 /* libsqlite3.tbd in Frameworks */ = {isa = PBXBuildFile; fileRef = 29187B511C90295800B68C73 /* libsqlite3.tbd */; };
		29187B541C90297D00B68C73 /* libz.tbd in Frameworks */ = {isa = PBXBuildFile; fileRef = 29187B531C90297D00B68C73 /* libz.tbd */; };
		29187B561C90298A00B68C73 /* SystemConfiguration.framework in Frameworks */ = {isa = PBXBuildFile; fileRef = 29187B551C90298A00B68C73 /* SystemConfiguration.framework */; };
		291C7CA41C85716500D0FE02 /* Main.storyboard in Resources */ = {isa = PBXBuildFile; fileRef = 291C7CA31C85716500D0FE02 /* Main.storyboard */; };
		291C7CA81C8572EB00D0FE02 /* CollectionViewController.m in Sources */ = {isa = PBXBuildFile; fileRef = 291C7CA71C8572EB00D0FE02 /* CollectionViewController.m */; };
		296D18711C76F4900035FD12 /* newsfeed-48.png in Resources */ = {isa = PBXBuildFile; fileRef = 296D18701C76F4900035FD12 /* newsfeed-48.png */; };
		298B39B51C8A4DEF006C1C40 /* PhotoHeaderView.m in Sources */ = {isa = PBXBuildFile; fileRef = 298B39B41C8A4DEF006C1C40 /* PhotoHeaderView.m */; };
		29A160171C768E04004BF934 /* main.m in Sources */ = {isa = PBXBuildFile; fileRef = 29A160161C768E04004BF934 /* main.m */; };
		29A1601A1C768E04004BF934 /* AppDelegate.m in Sources */ = {isa = PBXBuildFile; fileRef = 29A160191C768E04004BF934 /* AppDelegate.m */; };
		29A1601D1C768E04004BF934 /* ViewController.m in Sources */ = {isa = PBXBuildFile; fileRef = 29A1601C1C768E04004BF934 /* ViewController.m */; };
		29A160231C768E04004BF934 /* TrueGrowthSF.xcdatamodeld in Sources */ = {isa = PBXBuildFile; fileRef = 29A160211C768E04004BF934 /* TrueGrowthSF.xcdatamodeld */; };
		29A160251C768E04004BF934 /* Assets.xcassets in Resources */ = {isa = PBXBuildFile; fileRef = 29A160241C768E04004BF934 /* Assets.xcassets */; };
		29A160281C768E04004BF934 /* LaunchScreen.storyboard in Resources */ = {isa = PBXBuildFile; fileRef = 29A160261C768E04004BF934 /* LaunchScreen.storyboard */; };
		29C0295B1C8ADE1900B07C0C /* CameraView.m in Sources */ = {isa = PBXBuildFile; fileRef = 29C0295A1C8ADE1900B07C0C /* CameraView.m */; };
		29C2B4DC1C856987005378CD /* FUTURITY.jpg in Resources */ = {isa = PBXBuildFile; fileRef = 29C2B4DB1C856987005378CD /* FUTURITY.jpg */; };
		9514743E48CE8A3E9AF960EA /* libPods-TrueGrowthSF.a in Frameworks */ = {isa = PBXBuildFile; fileRef = A1CB3022DE7AFEC6FB327983 /* libPods-TrueGrowthSF.a */; };
		F4DB29301D7538F90052D6AC /* AWSCore.framework in Frameworks */ = {isa = PBXBuildFile; fileRef = F4DB292F1D7538F90052D6AC /* AWSCore.framework */; };
		F4DB29321D7539070052D6AC /* AWSS3.framework in Frameworks */ = {isa = PBXBuildFile; fileRef = F4DB29311D7539070052D6AC /* AWSS3.framework */; };
		F4DB293A1D7608A30052D6AC /* FBSDKLoginKit.framework in Frameworks */ = {isa = PBXBuildFile; fileRef = F4DB29391D7608A30052D6AC /* FBSDKLoginKit.framework */; settings = {ATTRIBUTES = (Required, ); }; };
		F4DB293C1D7608CC0052D6AC /* FBSDKCoreKit.framework in Frameworks */ = {isa = PBXBuildFile; fileRef = F4DB293B1D7608CC0052D6AC /* FBSDKCoreKit.framework */; };
		F4DB293E1D760BD40052D6AC /* Bolts.framework in Frameworks */ = {isa = PBXBuildFile; fileRef = F4DB293D1D760BD40052D6AC /* Bolts.framework */; };
/* End PBXBuildFile section */

/* Begin PBXFileReference section */
		0549C352397BCDA068F3DCEA /* Pods-TrueGrowthSF.debug.xcconfig */ = {isa = PBXFileReference; includeInIndex = 1; lastKnownFileType = text.xcconfig; name = "Pods-TrueGrowthSF.debug.xcconfig"; path = "Pods/Target Support Files/Pods-TrueGrowthSF/Pods-TrueGrowthSF.debug.xcconfig"; sourceTree = "<group>"; };
		29187B511C90295800B68C73 /* libsqlite3.tbd */ = {isa = PBXFileReference; lastKnownFileType = "sourcecode.text-based-dylib-definition"; name = libsqlite3.tbd; path = usr/lib/libsqlite3.tbd; sourceTree = SDKROOT; };
		29187B531C90297D00B68C73 /* libz.tbd */ = {isa = PBXFileReference; lastKnownFileType = "sourcecode.text-based-dylib-definition"; name = libz.tbd; path = usr/lib/libz.tbd; sourceTree = SDKROOT; };
		29187B551C90298A00B68C73 /* SystemConfiguration.framework */ = {isa = PBXFileReference; lastKnownFileType = wrapper.framework; name = SystemConfiguration.framework; path = System/Library/Frameworks/SystemConfiguration.framework; sourceTree = SDKROOT; };
		291C7CA31C85716500D0FE02 /* Main.storyboard */ = {isa = PBXFileReference; fileEncoding = 4; lastKnownFileType = file.storyboard; path = Main.storyboard; sourceTree = "<group>"; };
		291C7CA61C8572EB00D0FE02 /* CollectionViewController.h */ = {isa = PBXFileReference; fileEncoding = 4; lastKnownFileType = sourcecode.c.h; path = CollectionViewController.h; sourceTree = "<group>"; };
		291C7CA71C8572EB00D0FE02 /* CollectionViewController.m */ = {isa = PBXFileReference; fileEncoding = 4; lastKnownFileType = sourcecode.c.objc; path = CollectionViewController.m; sourceTree = "<group>"; };
		296D18701C76F4900035FD12 /* newsfeed-48.png */ = {isa = PBXFileReference; lastKnownFileType = image.png; path = "newsfeed-48.png"; sourceTree = "<group>"; };
		298B39B31C8A4DEF006C1C40 /* PhotoHeaderView.h */ = {isa = PBXFileReference; fileEncoding = 4; lastKnownFileType = sourcecode.c.h; path = PhotoHeaderView.h; sourceTree = "<group>"; };
		298B39B41C8A4DEF006C1C40 /* PhotoHeaderView.m */ = {isa = PBXFileReference; fileEncoding = 4; lastKnownFileType = sourcecode.c.objc; path = PhotoHeaderView.m; sourceTree = "<group>"; };
		29A160121C768E04004BF934 /* TrueGrowthSF.app */ = {isa = PBXFileReference; explicitFileType = wrapper.application; includeInIndex = 0; path = TrueGrowthSF.app; sourceTree = BUILT_PRODUCTS_DIR; };
		29A160161C768E04004BF934 /* main.m */ = {isa = PBXFileReference; lastKnownFileType = sourcecode.c.objc; path = main.m; sourceTree = "<group>"; };
		29A160181C768E04004BF934 /* AppDelegate.h */ = {isa = PBXFileReference; lastKnownFileType = sourcecode.c.h; path = AppDelegate.h; sourceTree = "<group>"; };
		29A160191C768E04004BF934 /* AppDelegate.m */ = {isa = PBXFileReference; lastKnownFileType = sourcecode.c.objc; path = AppDelegate.m; sourceTree = "<group>"; };
		29A1601B1C768E04004BF934 /* ViewController.h */ = {isa = PBXFileReference; lastKnownFileType = sourcecode.c.h; path = ViewController.h; sourceTree = "<group>"; };
		29A1601C1C768E04004BF934 /* ViewController.m */ = {isa = PBXFileReference; lastKnownFileType = sourcecode.c.objc; path = ViewController.m; sourceTree = "<group>"; };
		29A160221C768E04004BF934 /* TrueGrowthSF.xcdatamodel */ = {isa = PBXFileReference; lastKnownFileType = wrapper.xcdatamodel; path = TrueGrowthSF.xcdatamodel; sourceTree = "<group>"; };
		29A160241C768E04004BF934 /* Assets.xcassets */ = {isa = PBXFileReference; lastKnownFileType = folder.assetcatalog; path = Assets.xcassets; sourceTree = "<group>"; };
		29A160271C768E04004BF934 /* Base */ = {isa = PBXFileReference; lastKnownFileType = file.storyboard; name = Base; path = Base.lproj/LaunchScreen.storyboard; sourceTree = "<group>"; };
		29A160291C768E04004BF934 /* Info.plist */ = {isa = PBXFileReference; lastKnownFileType = text.plist.xml; path = Info.plist; sourceTree = "<group>"; };
		29C029591C8ADE1900B07C0C /* CameraView.h */ = {isa = PBXFileReference; fileEncoding = 4; lastKnownFileType = sourcecode.c.h; path = CameraView.h; sourceTree = "<group>"; };
		29C0295A1C8ADE1900B07C0C /* CameraView.m */ = {isa = PBXFileReference; fileEncoding = 4; lastKnownFileType = sourcecode.c.objc; path = CameraView.m; sourceTree = "<group>"; };
		29C2B4DB1C856987005378CD /* FUTURITY.jpg */ = {isa = PBXFileReference; lastKnownFileType = image.jpeg; path = FUTURITY.jpg; sourceTree = "<group>"; };
		7647B379F1771FA2CB96B6DF /* Pods-TrueGrowthSF.release.xcconfig */ = {isa = PBXFileReference; includeInIndex = 1; lastKnownFileType = text.xcconfig; name = "Pods-TrueGrowthSF.release.xcconfig"; path = "Pods/Target Support Files/Pods-TrueGrowthSF/Pods-TrueGrowthSF.release.xcconfig"; sourceTree = "<group>"; };
		A1CB3022DE7AFEC6FB327983 /* libPods-TrueGrowthSF.a */ = {isa = PBXFileReference; explicitFileType = archive.ar; includeInIndex = 0; path = "libPods-TrueGrowthSF.a"; sourceTree = BUILT_PRODUCTS_DIR; };
		F4DB292F1D7538F90052D6AC /* AWSCore.framework */ = {isa = PBXFileReference; lastKnownFileType = wrapper.framework; path = AWSCore.framework; sourceTree = "<group>"; };
		F4DB29311D7539070052D6AC /* AWSS3.framework */ = {isa = PBXFileReference; lastKnownFileType = wrapper.framework; path = AWSS3.framework; sourceTree = "<group>"; };
		F4DB29391D7608A30052D6AC /* FBSDKLoginKit.framework */ = {isa = PBXFileReference; lastKnownFileType = wrapper.framework; path = FBSDKLoginKit.framework; sourceTree = "<group>"; };
		F4DB293B1D7608CC0052D6AC /* FBSDKCoreKit.framework */ = {isa = PBXFileReference; lastKnownFileType = wrapper.framework; path = FBSDKCoreKit.framework; sourceTree = "<group>"; };
		F4DB293D1D760BD40052D6AC /* Bolts.framework */ = {isa = PBXFileReference; lastKnownFileType = wrapper.framework; path = Bolts.framework; sourceTree = "<group>"; };
/* End PBXFileReference section */

/* Begin PBXFrameworksBuildPhase section */
		29A1600F1C768E04004BF934 /* Frameworks */ = {
			isa = PBXFrameworksBuildPhase;
			buildActionMask = 2147483647;
			files = (
				29187B561C90298A00B68C73 /* SystemConfiguration.framework in Frameworks */,
				F4DB29301D7538F90052D6AC /* AWSCore.framework in Frameworks */,
				29187B541C90297D00B68C73 /* libz.tbd in Frameworks */,
				29187B521C90295800B68C73 /* libsqlite3.tbd in Frameworks */,
				F4DB293A1D7608A30052D6AC /* FBSDKLoginKit.framework in Frameworks */,
				F4DB293C1D7608CC0052D6AC /* FBSDKCoreKit.framework in Frameworks */,
				F4DB293E1D760BD40052D6AC /* Bolts.framework in Frameworks */,
				F4DB29321D7539070052D6AC /* AWSS3.framework in Frameworks */,
				9514743E48CE8A3E9AF960EA /* libPods-TrueGrowthSF.a in Frameworks */,
			);
			runOnlyForDeploymentPostprocessing = 0;
		};
/* End PBXFrameworksBuildPhase section */

/* Begin PBXGroup section */
		29A160091C768E04004BF934 = {
			isa = PBXGroup;
			children = (
				29187B551C90298A00B68C73 /* SystemConfiguration.framework */,
				29187B531C90297D00B68C73 /* libz.tbd */,
				29187B511C90295800B68C73 /* libsqlite3.tbd */,
				29A160141C768E04004BF934 /* TrueGrowthSF */,
				29A160131C768E04004BF934 /* Products */,
				882E7B03C5CFE02CFB0F6BD0 /* Pods */,
				9BEA912192FE0B6343B4B826 /* Frameworks */,
			);
			sourceTree = "<group>";
		};
		29A160131C768E04004BF934 /* Products */ = {
			isa = PBXGroup;
			children = (
				29A160121C768E04004BF934 /* TrueGrowthSF.app */,
			);
			name = Products;
			sourceTree = "<group>";
		};
		29A160141C768E04004BF934 /* TrueGrowthSF */ = {
			isa = PBXGroup;
			children = (
				29A160181C768E04004BF934 /* AppDelegate.h */,
				291C7CA31C85716500D0FE02 /* Main.storyboard */,
				29C029591C8ADE1900B07C0C /* CameraView.h */,
				29C0295A1C8ADE1900B07C0C /* CameraView.m */,
				298B39B41C8A4DEF006C1C40 /* PhotoHeaderView.m */,
				298B39B31C8A4DEF006C1C40 /* PhotoHeaderView.h */,
				291C7CA61C8572EB00D0FE02 /* CollectionViewController.h */,
				291C7CA71C8572EB00D0FE02 /* CollectionViewController.m */,
				29A160191C768E04004BF934 /* AppDelegate.m */,
				29A1601B1C768E04004BF934 /* ViewController.h */,
				29A1601C1C768E04004BF934 /* ViewController.m */,
				29A160241C768E04004BF934 /* Assets.xcassets */,
				296D18701C76F4900035FD12 /* newsfeed-48.png */,
				29C2B4DB1C856987005378CD /* FUTURITY.jpg */,
				F4DB293D1D760BD40052D6AC /* Bolts.framework */,
				F4DB293B1D7608CC0052D6AC /* FBSDKCoreKit.framework */,
				F4DB29391D7608A30052D6AC /* FBSDKLoginKit.framework */,
				F4DB292F1D7538F90052D6AC /* AWSCore.framework */,
				F4DB29311D7539070052D6AC /* AWSS3.framework */,
				29A160261C768E04004BF934 /* LaunchScreen.storyboard */,
				29A160291C768E04004BF934 /* Info.plist */,
				29A160211C768E04004BF934 /* TrueGrowthSF.xcdatamodeld */,
				29A160151C768E04004BF934 /* Supporting Files */,
			);
			path = TrueGrowthSF;
			sourceTree = "<group>";
		};
		29A160151C768E04004BF934 /* Supporting Files */ = {
			isa = PBXGroup;
			children = (
				29A160161C768E04004BF934 /* main.m */,
			);
			name = "Supporting Files";
			sourceTree = "<group>";
		};
		882E7B03C5CFE02CFB0F6BD0 /* Pods */ = {
			isa = PBXGroup;
			children = (
				0549C352397BCDA068F3DCEA /* Pods-TrueGrowthSF.debug.xcconfig */,
				7647B379F1771FA2CB96B6DF /* Pods-TrueGrowthSF.release.xcconfig */,
			);
			name = Pods;
			sourceTree = "<group>";
		};
		9BEA912192FE0B6343B4B826 /* Frameworks */ = {
			isa = PBXGroup;
			children = (
				A1CB3022DE7AFEC6FB327983 /* libPods-TrueGrowthSF.a */,
			);
			name = Frameworks;
			sourceTree = "<group>";
		};
/* End PBXGroup section */

/* Begin PBXNativeTarget section */
		29A160111C768E04004BF934 /* TrueGrowthSF */ = {
			isa = PBXNativeTarget;
			buildConfigurationList = 29A1602C1C768E04004BF934 /* Build configuration list for PBXNativeTarget "TrueGrowthSF" */;
			buildPhases = (
				60E56262B8E75E08F5B6FE14 /* [CP] Check Pods Manifest.lock */,
				29A1600E1C768E04004BF934 /* Sources */,
				29A1600F1C768E04004BF934 /* Frameworks */,
				29A160101C768E04004BF934 /* Resources */,
				B0CB4E9A367A31607503942B /* [CP] Embed Pods Frameworks */,
				32D26AA73BE05AA345964DD3 /* [CP] Copy Pods Resources */,
			);
			buildRules = (
			);
			dependencies = (
			);
			name = TrueGrowthSF;
			productName = TrueGrowthSF;
			productReference = 29A160121C768E04004BF934 /* TrueGrowthSF.app */;
			productType = "com.apple.product-type.application";
		};
/* End PBXNativeTarget section */

/* Begin PBXProject section */
		29A1600A1C768E04004BF934 /* Project object */ = {
			isa = PBXProject;
			attributes = {
				LastUpgradeCheck = 0710;
				ORGANIZATIONNAME = "Agile Associates";
				TargetAttributes = {
					29A160111C768E04004BF934 = {
						CreatedOnToolsVersion = 7.1.1;
					};
				};
			};
			buildConfigurationList = 29A1600D1C768E04004BF934 /* Build configuration list for PBXProject "TrueGrowthSF" */;
			compatibilityVersion = "Xcode 3.2";
			developmentRegion = English;
			hasScannedForEncodings = 0;
			knownRegions = (
				en,
				Base,
			);
			mainGroup = 29A160091C768E04004BF934;
			productRefGroup = 29A160131C768E04004BF934 /* Products */;
			projectDirPath = "";
			projectRoot = "";
			targets = (
				29A160111C768E04004BF934 /* TrueGrowthSF */,
			);
		};
/* End PBXProject section */

/* Begin PBXResourcesBuildPhase section */
		29A160101C768E04004BF934 /* Resources */ = {
			isa = PBXResourcesBuildPhase;
			buildActionMask = 2147483647;
			files = (
				296D18711C76F4900035FD12 /* newsfeed-48.png in Resources */,
				291C7CA41C85716500D0FE02 /* Main.storyboard in Resources */,
				29C2B4DC1C856987005378CD /* FUTURITY.jpg in Resources */,
				29A160281C768E04004BF934 /* LaunchScreen.storyboard in Resources */,
				29A160251C768E04004BF934 /* Assets.xcassets in Resources */,
			);
			runOnlyForDeploymentPostprocessing = 0;
		};
/* End PBXResourcesBuildPhase section */

/* Begin PBXShellScriptBuildPhase section */
		32D26AA73BE05AA345964DD3 /* [CP] Copy Pods Resources */ = {
			isa = PBXShellScriptBuildPhase;
			buildActionMask = 2147483647;
			files = (
			);
			inputPaths = (
			);
			name = "[CP] Copy Pods Resources";
			outputPaths = (
			);
			runOnlyForDeploymentPostprocessing = 0;
			shellPath = /bin/sh;
			shellScript = "\"${SRCROOT}/Pods/Target Support Files/Pods-TrueGrowthSF/Pods-TrueGrowthSF-resources.sh\"\n";
			showEnvVarsInLog = 0;
		};
		60E56262B8E75E08F5B6FE14 /* [CP] Check Pods Manifest.lock */ = {
			isa = PBXShellScriptBuildPhase;
			buildActionMask = 2147483647;
			files = (
			);
			inputPaths = (
			);
			name = "[CP] Check Pods Manifest.lock";
			outputPaths = (
			);
			runOnlyForDeploymentPostprocessing = 0;
			shellPath = /bin/sh;
			shellScript = "diff \"${PODS_ROOT}/../Podfile.lock\" \"${PODS_ROOT}/Manifest.lock\" > /dev/null\nif [[ $? != 0 ]] ; then\n    cat << EOM\nerror: The sandbox is not in sync with the Podfile.lock. Run 'pod install' or update your CocoaPods installation.\nEOM\n    exit 1\nfi\n";
			showEnvVarsInLog = 0;
		};
		B0CB4E9A367A31607503942B /* [CP] Embed Pods Frameworks */ = {
			isa = PBXShellScriptBuildPhase;
			buildActionMask = 2147483647;
			files = (
			);
			inputPaths = (
			);
			name = "[CP] Embed Pods Frameworks";
			outputPaths = (
			);
			runOnlyForDeploymentPostprocessing = 0;
			shellPath = /bin/sh;
			shellScript = "\"${SRCROOT}/Pods/Target Support Files/Pods-TrueGrowthSF/Pods-TrueGrowthSF-frameworks.sh\"\n";
			showEnvVarsInLog = 0;
		};
/* End PBXShellScriptBuildPhase section */

/* Begin PBXSourcesBuildPhase section */
		29A1600E1C768E04004BF934 /* Sources */ = {
			isa = PBXSourcesBuildPhase;
			buildActionMask = 2147483647;
			files = (
				29C0295B1C8ADE1900B07C0C /* CameraView.m in Sources */,
				291C7CA81C8572EB00D0FE02 /* CollectionViewController.m in Sources */,
				29A1601D1C768E04004BF934 /* ViewController.m in Sources */,
				29A160231C768E04004BF934 /* TrueGrowthSF.xcdatamodeld in Sources */,
				298B39B51C8A4DEF006C1C40 /* PhotoHeaderView.m in Sources */,
				29A1601A1C768E04004BF934 /* AppDelegate.m in Sources */,
				29A160171C768E04004BF934 /* main.m in Sources */,
			);
			runOnlyForDeploymentPostprocessing = 0;
		};
/* End PBXSourcesBuildPhase section */

/* Begin PBXVariantGroup section */
		29A160261C768E04004BF934 /* LaunchScreen.storyboard */ = {
			isa = PBXVariantGroup;
			children = (
				29A160271C768E04004BF934 /* Base */,
			);
			name = LaunchScreen.storyboard;
			sourceTree = "<group>";
		};
/* End PBXVariantGroup section */

/* Begin XCBuildConfiguration section */
		29A1602A1C768E04004BF934 /* Debug */ = {
			isa = XCBuildConfiguration;
			buildSettings = {
				ALWAYS_SEARCH_USER_PATHS = NO;
				CLANG_CXX_LANGUAGE_STANDARD = "gnu++0x";
				CLANG_CXX_LIBRARY = "libc++";
				CLANG_ENABLE_MODULES = YES;
				CLANG_ENABLE_OBJC_ARC = YES;
				CLANG_WARN_BOOL_CONVERSION = YES;
				CLANG_WARN_CONSTANT_CONVERSION = YES;
				CLANG_WARN_DIRECT_OBJC_ISA_USAGE = YES_ERROR;
				CLANG_WARN_EMPTY_BODY = YES;
				CLANG_WARN_ENUM_CONVERSION = YES;
				CLANG_WARN_INT_CONVERSION = YES;
				CLANG_WARN_OBJC_ROOT_CLASS = YES_ERROR;
				CLANG_WARN_UNREACHABLE_CODE = YES;
				CLANG_WARN__DUPLICATE_METHOD_MATCH = YES;
				"CODE_SIGN_IDENTITY[sdk=iphoneos*]" = "iPhone Developer";
				COPY_PHASE_STRIP = NO;
				DEBUG_INFORMATION_FORMAT = dwarf;
				ENABLE_STRICT_OBJC_MSGSEND = YES;
				ENABLE_TESTABILITY = YES;
				GCC_C_LANGUAGE_STANDARD = gnu99;
				GCC_DYNAMIC_NO_PIC = NO;
				GCC_NO_COMMON_BLOCKS = YES;
				GCC_OPTIMIZATION_LEVEL = 0;
				GCC_PREPROCESSOR_DEFINITIONS = (
					"DEBUG=1",
					"$(inherited)",
				);
				GCC_WARN_64_TO_32_BIT_CONVERSION = YES;
				GCC_WARN_ABOUT_RETURN_TYPE = YES_ERROR;
				GCC_WARN_UNDECLARED_SELECTOR = YES;
				GCC_WARN_UNINITIALIZED_AUTOS = YES_AGGRESSIVE;
				GCC_WARN_UNUSED_FUNCTION = YES;
				GCC_WARN_UNUSED_VARIABLE = YES;
				IPHONEOS_DEPLOYMENT_TARGET = 9.1;
				MTL_ENABLE_DEBUG_INFO = YES;
				ONLY_ACTIVE_ARCH = YES;
				SDKROOT = iphoneos;
			};
			name = Debug;
		};
		29A1602B1C768E04004BF934 /* Release */ = {
			isa = XCBuildConfiguration;
			buildSettings = {
				ALWAYS_SEARCH_USER_PATHS = NO;
				CLANG_CXX_LANGUAGE_STANDARD = "gnu++0x";
				CLANG_CXX_LIBRARY = "libc++";
				CLANG_ENABLE_MODULES = YES;
				CLANG_ENABLE_OBJC_ARC = YES;
				CLANG_WARN_BOOL_CONVERSION = YES;
				CLANG_WARN_CONSTANT_CONVERSION = YES;
				CLANG_WARN_DIRECT_OBJC_ISA_USAGE = YES_ERROR;
				CLANG_WARN_EMPTY_BODY = YES;
				CLANG_WARN_ENUM_CONVERSION = YES;
				CLANG_WARN_INT_CONVERSION = YES;
				CLANG_WARN_OBJC_ROOT_CLASS = YES_ERROR;
				CLANG_WARN_UNREACHABLE_CODE = YES;
				CLANG_WARN__DUPLICATE_METHOD_MATCH = YES;
				"CODE_SIGN_IDENTITY[sdk=iphoneos*]" = "iPhone Developer";
				COPY_PHASE_STRIP = NO;
				DEBUG_INFORMATION_FORMAT = "dwarf-with-dsym";
				ENABLE_NS_ASSERTIONS = NO;
				ENABLE_STRICT_OBJC_MSGSEND = YES;
				GCC_C_LANGUAGE_STANDARD = gnu99;
				GCC_NO_COMMON_BLOCKS = YES;
				GCC_WARN_64_TO_32_BIT_CONVERSION = YES;
				GCC_WARN_ABOUT_RETURN_TYPE = YES_ERROR;
				GCC_WARN_UNDECLARED_SELECTOR = YES;
				GCC_WARN_UNINITIALIZED_AUTOS = YES_AGGRESSIVE;
				GCC_WARN_UNUSED_FUNCTION = YES;
				GCC_WARN_UNUSED_VARIABLE = YES;
				IPHONEOS_DEPLOYMENT_TARGET = 9.1;
				MTL_ENABLE_DEBUG_INFO = NO;
				SDKROOT = iphoneos;
				VALIDATE_PRODUCT = YES;
			};
			name = Release;
		};
		29A1602D1C768E04004BF934 /* Debug */ = {
			isa = XCBuildConfiguration;
			baseConfigurationReference = 0549C352397BCDA068F3DCEA /* Pods-TrueGrowthSF.debug.xcconfig */;
			buildSettings = {
				ASSETCATALOG_COMPILER_APPICON_NAME = AppIcon;
				FRAMEWORK_SEARCH_PATHS = (
					"$(inherited)",
					"$(PROJECT_DIR)/TrueGrowthSF",
				);
				INFOPLIST_FILE = TrueGrowthSF/Info.plist;
				LD_RUNPATH_SEARCH_PATHS = "$(inherited) @executable_path/Frameworks";
				LIBRARY_SEARCH_PATHS = (
					"$(inherited)",
					"$(PROJECT_DIR)/TrueGrowthSF",
				);
				PRODUCT_BUNDLE_IDENTIFIER = "Agile-Associates.TrueGrowthSF";
				PRODUCT_NAME = "$(TARGET_NAME)";
			};
			name = Debug;
		};
		29A1602E1C768E04004BF934 /* Release */ = {
			isa = XCBuildConfiguration;
			baseConfigurationReference = 7647B379F1771FA2CB96B6DF /* Pods-TrueGrowthSF.release.xcconfig */;
			buildSettings = {
				ASSETCATALOG_COMPILER_APPICON_NAME = AppIcon;
				FRAMEWORK_SEARCH_PATHS = (
					"$(inherited)",
					"$(PROJECT_DIR)/TrueGrowthSF",
				);
				INFOPLIST_FILE = TrueGrowthSF/Info.plist;
				LD_RUNPATH_SEARCH_PATHS = "$(inherited) @executable_path/Frameworks";
				LIBRARY_SEARCH_PATHS = (
					"$(inherited)",
					"$(PROJECT_DIR)/TrueGrowthSF",
				);
				PRODUCT_BUNDLE_IDENTIFIER = "Agile-Associates.TrueGrowthSF";
				PRODUCT_NAME = "$(TARGET_NAME)";
			};
			name = Release;
		};
/* End XCBuildConfiguration section */

/* Begin XCConfigurationList section */
		29A1600D1C768E04004BF934 /* Build configuration list for PBXProject "TrueGrowthSF" */ = {
			isa = XCConfigurationList;
			buildConfigurations = (
				29A1602A1C768E04004BF934 /* Debug */,
				29A1602B1C768E04004BF934 /* Release */,
			);
			defaultConfigurationIsVisible = 0;
			defaultConfigurationName = Release;
		};
		29A1602C1C768E04004BF934 /* Build configuration list for PBXNativeTarget "TrueGrowthSF" */ = {
			isa = XCConfigurationList;
			buildConfigurations = (
				29A1602D1C768E04004BF934 /* Debug */,
				29A1602E1C768E04004BF934 /* Release */,
			);
			defaultConfigurationIsVisible = 0;
			defaultConfigurationName = Release;
		};
/* End XCConfigurationList section */

/* Begin XCVersionGroup section */
		29A160211C768E04004BF934 /* TrueGrowthSF.xcdatamodeld */ = {
			isa = XCVersionGroup;
			children = (
				29A160221C768E04004BF934 /* TrueGrowthSF.xcdatamodel */,
			);
			currentVersion = 29A160221C768E04004BF934 /* TrueGrowthSF.xcdatamodel */;
			path = TrueGrowthSF.xcdatamodeld;
			sourceTree = "<group>";
			versionGroupType = wrapper.xcdatamodel;
		};
/* End XCVersionGroup section */
	};
	rootObject = 29A1600A1C768E04004BF934 /* Project object */;
}
